
Microsoft Visual Studio Solution File, Format Version 12.00
Project("{FAE04EC0-301F-11D3-BF4B-00C04F79EFBC}") = "WeatherRealTime", "WeatherRealTime\WeatherRealTime.csproj", "{EE393C18-6717-4FCE-A6C4-D0E13C8B36EC}"
EndProject
Global
	GlobalSection(SolutionConfigurationPlatforms) = preSolution
		Debug|Any CPU = Debug|Any CPU
		Release|Any CPU = Release|Any CPU
	EndGlobalSection
	GlobalSection(ProjectConfigurationPlatforms) = postSolution
		{EE393C18-6717-4FCE-A6C4-D0E13C8B36EC}.Debug|Any CPU.ActiveCfg = Debug|Any CPU
		{EE393C18-6717-4FCE-A6C4-D0E13C8B36EC}.Debug|Any CPU.Build.0 = Debug|Any CPU
		{EE393C18-6717-4FCE-A6C4-D0E13C8B36EC}.Release|Any CPU.ActiveCfg = Release|Any CPU
		{EE393C18-6717-4FCE-A6C4-D0E13C8B36EC}.Release|Any CPU.Build.0 = Release|Any CPU
	EndGlobalSection
EndGlobal
